// !$*UTF8*$!
{
	archiveVersion = 1;
	classes = {
	};
	objectVersion = 54;
	objects = {

/* Begin PBXBuildFile section */
		820FBBDB26A35E070043FFD5 /* DrawingType.swift in Sources */ = {isa = PBXBuildFile; fileRef = 820FBBDA26A35E070043FFD5 /* DrawingType.swift */; };
		8226935522D2D65200451E84 /* Tiles.swift in Sources */ = {isa = PBXBuildFile; fileRef = 8226935422D2D65200451E84 /* Tiles.swift */; };
		823928F422D2751700F8B1B2 /* GenerativeArtApp.swift in Sources */ = {isa = PBXBuildFile; fileRef = 823928F322D2751700F8B1B2 /* GenerativeArtApp.swift */; };
		823928FB22D2751800F8B1B2 /* Assets.xcassets in Resources */ = {isa = PBXBuildFile; fileRef = 823928FA22D2751800F8B1B2 /* Assets.xcassets */; };
		823928FE22D2751800F8B1B2 /* LaunchScreen.storyboard in Resources */ = {isa = PBXBuildFile; fileRef = 823928FC22D2751800F8B1B2 /* LaunchScreen.storyboard */; };
		8239DD2D2338552A00652A46 /* Color.swift in Sources */ = {isa = PBXBuildFile; fileRef = 8239DD2C2338552A00652A46 /* Color.swift */; };
		8239DD2F2338556E00652A46 /* TiledDrawingType.swift in Sources */ = {isa = PBXBuildFile; fileRef = 8239DD2E2338556E00652A46 /* TiledDrawingType.swift */; };
		826309D122E3AB88003E3F29 /* GAPath.swift in Sources */ = {isa = PBXBuildFile; fileRef = 826309D022E3AB88003E3F29 /* GAPath.swift */; };
		826309D522E3B7BE003E3F29 /* TiledDrawing.swift in Sources */ = {isa = PBXBuildFile; fileRef = 826309D422E3B7BE003E3F29 /* TiledDrawing.swift */; };
		826309D922E3BC61003E3F29 /* Variations.swift in Sources */ = {isa = PBXBuildFile; fileRef = 826309D822E3BC61003E3F29 /* Variations.swift */; };
		826309DD22E3CE2A003E3F29 /* Paths.swift in Sources */ = {isa = PBXBuildFile; fileRef = 826309DC22E3CE2A003E3F29 /* Paths.swift */; };
		82815C6E2D1CDA4100980397 /* ContentView.swift in Sources */ = {isa = PBXBuildFile; fileRef = 82815C6D2D1CDA4000980397 /* ContentView.swift */; };
		82815C702D1CDFA500980397 /* DrawingView.swift in Sources */ = {isa = PBXBuildFile; fileRef = 82815C6F2D1CDFA400980397 /* DrawingView.swift */; };
		82815C722D1D246000980397 /* DrawingNavigationView.swift in Sources */ = {isa = PBXBuildFile; fileRef = 82815C712D1D245F00980397 /* DrawingNavigationView.swift */; };
		82BBBD702D19FBBD0034C98A /* ToolbarModifier.swift in Sources */ = {isa = PBXBuildFile; fileRef = 82BBBD6F2D19FBBD0034C98A /* ToolbarModifier.swift */; };
		82BBBD722D1A036D0034C98A /* ColorPickerView.swift in Sources */ = {isa = PBXBuildFile; fileRef = 82BBBD712D1A036C0034C98A /* ColorPickerView.swift */; };
		82BBBD742D1A18D90034C98A /* SizeControl.swift in Sources */ = {isa = PBXBuildFile; fileRef = 82BBBD732D1A18D70034C98A /* SizeControl.swift */; };
		82BFCB4C2D18E784007DD0B5 /* MondrianView.swift in Sources */ = {isa = PBXBuildFile; fileRef = 82BFCB4B2D18E783007DD0B5 /* MondrianView.swift */; };
		82BFCB4E2D19073D007DD0B5 /* TiledDrawingView.swift in Sources */ = {isa = PBXBuildFile; fileRef = 82BFCB4D2D19073C007DD0B5 /* TiledDrawingView.swift */; };
		82E02395230CDCD900F32857 /* MondrianDrawing.swift in Sources */ = {isa = PBXBuildFile; fileRef = 82E02394230CDCD900F32857 /* MondrianDrawing.swift */; };
/* End PBXBuildFile section */

/* Begin PBXFileReference section */
		820FBBDA26A35E070043FFD5 /* DrawingType.swift */ = {isa = PBXFileReference; lastKnownFileType = sourcecode.swift; path = DrawingType.swift; sourceTree = "<group>"; };
		8226935422D2D65200451E84 /* Tiles.swift */ = {isa = PBXFileReference; lastKnownFileType = sourcecode.swift; path = Tiles.swift; sourceTree = "<group>"; };
		823928F022D2751700F8B1B2 /* GenerativeArt.app */ = {isa = PBXFileReference; explicitFileType = wrapper.application; includeInIndex = 0; path = GenerativeArt.app; sourceTree = BUILT_PRODUCTS_DIR; };
		823928F322D2751700F8B1B2 /* GenerativeArtApp.swift */ = {isa = PBXFileReference; lastKnownFileType = sourcecode.swift; path = GenerativeArtApp.swift; sourceTree = "<group>"; };
		823928FA22D2751800F8B1B2 /* Assets.xcassets */ = {isa = PBXFileReference; lastKnownFileType = folder.assetcatalog; path = Assets.xcassets; sourceTree = "<group>"; };
		823928FD22D2751800F8B1B2 /* Base */ = {isa = PBXFileReference; lastKnownFileType = file.storyboard; name = Base; path = Base.lproj/LaunchScreen.storyboard; sourceTree = "<group>"; };
		823928FF22D2751800F8B1B2 /* Info.plist */ = {isa = PBXFileReference; lastKnownFileType = text.plist.xml; path = Info.plist; sourceTree = "<group>"; };
		8239DD2C2338552A00652A46 /* Color.swift */ = {isa = PBXFileReference; lastKnownFileType = sourcecode.swift; path = Color.swift; sourceTree = "<group>"; };
		8239DD2E2338556E00652A46 /* TiledDrawingType.swift */ = {isa = PBXFileReference; lastKnownFileType = sourcecode.swift; path = TiledDrawingType.swift; sourceTree = "<group>"; };
		826309D022E3AB88003E3F29 /* GAPath.swift */ = {isa = PBXFileReference; lastKnownFileType = sourcecode.swift; path = GAPath.swift; sourceTree = "<group>"; };
		826309D422E3B7BE003E3F29 /* TiledDrawing.swift */ = {isa = PBXFileReference; lastKnownFileType = sourcecode.swift; path = TiledDrawing.swift; sourceTree = "<group>"; };
		826309D822E3BC61003E3F29 /* Variations.swift */ = {isa = PBXFileReference; lastKnownFileType = sourcecode.swift; path = Variations.swift; sourceTree = "<group>"; };
		826309DC22E3CE2A003E3F29 /* Paths.swift */ = {isa = PBXFileReference; lastKnownFileType = sourcecode.swift; path = Paths.swift; sourceTree = "<group>"; };
		82815C6D2D1CDA4000980397 /* ContentView.swift */ = {isa = PBXFileReference; lastKnownFileType = sourcecode.swift; path = ContentView.swift; sourceTree = "<group>"; };
		82815C6F2D1CDFA400980397 /* DrawingView.swift */ = {isa = PBXFileReference; lastKnownFileType = sourcecode.swift; path = DrawingView.swift; sourceTree = "<group>"; };
		82815C712D1D245F00980397 /* DrawingNavigationView.swift */ = {isa = PBXFileReference; lastKnownFileType = sourcecode.swift; path = DrawingNavigationView.swift; sourceTree = "<group>"; };
		82BBBD6F2D19FBBD0034C98A /* ToolbarModifier.swift */ = {isa = PBXFileReference; lastKnownFileType = sourcecode.swift; path = ToolbarModifier.swift; sourceTree = "<group>"; };
		82BBBD712D1A036C0034C98A /* ColorPickerView.swift */ = {isa = PBXFileReference; lastKnownFileType = sourcecode.swift; path = ColorPickerView.swift; sourceTree = "<group>"; };
		82BBBD732D1A18D70034C98A /* SizeControl.swift */ = {isa = PBXFileReference; lastKnownFileType = sourcecode.swift; path = SizeControl.swift; sourceTree = "<group>"; };
		82BFCB4B2D18E783007DD0B5 /* MondrianView.swift */ = {isa = PBXFileReference; lastKnownFileType = sourcecode.swift; path = MondrianView.swift; sourceTree = "<group>"; };
		82BFCB4D2D19073C007DD0B5 /* TiledDrawingView.swift */ = {isa = PBXFileReference; lastKnownFileType = sourcecode.swift; path = TiledDrawingView.swift; sourceTree = "<group>"; };
		82E02394230CDCD900F32857 /* MondrianDrawing.swift */ = {isa = PBXFileReference; lastKnownFileType = sourcecode.swift; path = MondrianDrawing.swift; sourceTree = "<group>"; };
		82F53D4726A204A10089C0BC /* Common.xcconfig */ = {isa = PBXFileReference; fileEncoding = 4; lastKnownFileType = text.xcconfig; name = Common.xcconfig; path = GenerativeArt/Resources/Common.xcconfig; sourceTree = SOURCE_ROOT; };
/* End PBXFileReference section */

/* Begin PBXFrameworksBuildPhase section */
		823928ED22D2751700F8B1B2 /* Frameworks */ = {
			isa = PBXFrameworksBuildPhase;
			buildActionMask = 2147483647;
			files = (
			);
			runOnlyForDeploymentPostprocessing = 0;
		};
/* End PBXFrameworksBuildPhase section */

/* Begin PBXGroup section */
		8218A38926A3394000457FBE /* Application */ = {
			isa = PBXGroup;
			children = (
				823928F322D2751700F8B1B2 /* GenerativeArtApp.swift */,
				82815C6D2D1CDA4000980397 /* ContentView.swift */,
				82815C712D1D245F00980397 /* DrawingNavigationView.swift */,
				82815C6F2D1CDFA400980397 /* DrawingView.swift */,
				82BBBD6F2D19FBBD0034C98A /* ToolbarModifier.swift */,
				82BBBD712D1A036C0034C98A /* ColorPickerView.swift */,
				82BBBD732D1A18D70034C98A /* SizeControl.swift */,
			);
			path = Application;
			sourceTree = "<group>";
		};
		8218A38E26A35A4300457FBE /* Drawing */ = {
			isa = PBXGroup;
			children = (
				826309D022E3AB88003E3F29 /* GAPath.swift */,
				826309DC22E3CE2A003E3F29 /* Paths.swift */,
				826309D822E3BC61003E3F29 /* Variations.swift */,
				820FBBDA26A35E070043FFD5 /* DrawingType.swift */,
			);
			path = Drawing;
			sourceTree = "<group>";
		};
		8218A38F26A35B1600457FBE /* Resources */ = {
			isa = PBXGroup;
			children = (
				823928FA22D2751800F8B1B2 /* Assets.xcassets */,
				823928FC22D2751800F8B1B2 /* LaunchScreen.storyboard */,
				823928FF22D2751800F8B1B2 /* Info.plist */,
				82F53D4726A204A10089C0BC /* Common.xcconfig */,
			);
			path = Resources;
			sourceTree = "<group>";
		};
		823928E722D2751700F8B1B2 = {
			isa = PBXGroup;
			children = (
				823928F222D2751700F8B1B2 /* GenerativeArt */,
				823928F122D2751700F8B1B2 /* Products */,
			);
			sourceTree = "<group>";
		};
		823928F122D2751700F8B1B2 /* Products */ = {
			isa = PBXGroup;
			children = (
				823928F022D2751700F8B1B2 /* GenerativeArt.app */,
			);
			name = Products;
			sourceTree = "<group>";
		};
		823928F222D2751700F8B1B2 /* GenerativeArt */ = {
			isa = PBXGroup;
			children = (
				8218A38926A3394000457FBE /* Application */,
				82E0238E230CD68F00F32857 /* Tiles */,
				82E0238F230CD7A200F32857 /* Mondrian */,
				8218A38E26A35A4300457FBE /* Drawing */,
				829CA41122D5AA9500453DA7 /* Extensions */,
				8218A38F26A35B1600457FBE /* Resources */,
			);
			path = GenerativeArt;
			sourceTree = "<group>";
		};
		829CA41122D5AA9500453DA7 /* Extensions */ = {
			isa = PBXGroup;
			children = (
				8239DD2C2338552A00652A46 /* Color.swift */,
			);
			path = Extensions;
			sourceTree = "<group>";
		};
		82E0238E230CD68F00F32857 /* Tiles */ = {
			isa = PBXGroup;
			children = (
				82BFCB4D2D19073C007DD0B5 /* TiledDrawingView.swift */,
				826309D422E3B7BE003E3F29 /* TiledDrawing.swift */,
				8239DD2E2338556E00652A46 /* TiledDrawingType.swift */,
				8226935422D2D65200451E84 /* Tiles.swift */,
			);
			path = Tiles;
			sourceTree = "<group>";
		};
		82E0238F230CD7A200F32857 /* Mondrian */ = {
			isa = PBXGroup;
			children = (
				82BFCB4B2D18E783007DD0B5 /* MondrianView.swift */,
				82E02394230CDCD900F32857 /* MondrianDrawing.swift */,
			);
			path = Mondrian;
			sourceTree = "<group>";
		};
/* End PBXGroup section */

/* Begin PBXNativeTarget section */
		823928EF22D2751700F8B1B2 /* GenerativeArt */ = {
			isa = PBXNativeTarget;
			buildConfigurationList = 8239290222D2751800F8B1B2 /* Build configuration list for PBXNativeTarget "GenerativeArt" */;
			buildPhases = (
				823928EC22D2751700F8B1B2 /* Sources */,
				823928ED22D2751700F8B1B2 /* Frameworks */,
				823928EE22D2751700F8B1B2 /* Resources */,
			);
			buildRules = (
			);
			dependencies = (
			);
			name = GenerativeArt;
			packageProductDependencies = (
			);
			productName = GenerativeArt;
			productReference = 823928F022D2751700F8B1B2 /* GenerativeArt.app */;
			productType = "com.apple.product-type.application";
		};
/* End PBXNativeTarget section */

/* Begin PBXProject section */
		823928E822D2751700F8B1B2 /* Project object */ = {
			isa = PBXProject;
			attributes = {
				BuildIndependentTargetsInParallel = YES;
				LastSwiftUpdateCheck = 1020;
				LastUpgradeCheck = 1610;
				ORGANIZATIONNAME = " Jose Villegas";
				TargetAttributes = {
					823928EF22D2751700F8B1B2 = {
						CreatedOnToolsVersion = 10.2;
					};
				};
			};
			buildConfigurationList = 823928EB22D2751700F8B1B2 /* Build configuration list for PBXProject "GenerativeArt" */;
			compatibilityVersion = "Xcode 9.3";
			developmentRegion = en;
			hasScannedForEncodings = 0;
			knownRegions = (
				en,
				Base,
			);
			mainGroup = 823928E722D2751700F8B1B2;
			packageReferences = (
			);
			productRefGroup = 823928F122D2751700F8B1B2 /* Products */;
			projectDirPath = "";
			projectRoot = "";
			targets = (
				823928EF22D2751700F8B1B2 /* GenerativeArt */,
			);
		};
/* End PBXProject section */

/* Begin PBXResourcesBuildPhase section */
		823928EE22D2751700F8B1B2 /* Resources */ = {
			isa = PBXResourcesBuildPhase;
			buildActionMask = 2147483647;
			files = (
				823928FE22D2751800F8B1B2 /* LaunchScreen.storyboard in Resources */,
				823928FB22D2751800F8B1B2 /* Assets.xcassets in Resources */,
			);
			runOnlyForDeploymentPostprocessing = 0;
		};
/* End PBXResourcesBuildPhase section */

/* Begin PBXSourcesBuildPhase section */
		823928EC22D2751700F8B1B2 /* Sources */ = {
			isa = PBXSourcesBuildPhase;
			buildActionMask = 2147483647;
			files = (
				820FBBDB26A35E070043FFD5 /* DrawingType.swift in Sources */,
				826309D122E3AB88003E3F29 /* GAPath.swift in Sources */,
				82BFCB4E2D19073D007DD0B5 /* TiledDrawingView.swift in Sources */,
				8226935522D2D65200451E84 /* Tiles.swift in Sources */,
				82BBBD742D1A18D90034C98A /* SizeControl.swift in Sources */,
				82BFCB4C2D18E784007DD0B5 /* MondrianView.swift in Sources */,
				82BBBD702D19FBBD0034C98A /* ToolbarModifier.swift in Sources */,
				823928F422D2751700F8B1B2 /* GenerativeArtApp.swift in Sources */,
				826309DD22E3CE2A003E3F29 /* Paths.swift in Sources */,
				8239DD2D2338552A00652A46 /* Color.swift in Sources */,
				82815C702D1CDFA500980397 /* DrawingView.swift in Sources */,
				82815C722D1D246000980397 /* DrawingNavigationView.swift in Sources */,
				82E02395230CDCD900F32857 /* MondrianDrawing.swift in Sources */,
				826309D522E3B7BE003E3F29 /* TiledDrawing.swift in Sources */,
				8239DD2F2338556E00652A46 /* TiledDrawingType.swift in Sources */,
				82815C6E2D1CDA4100980397 /* ContentView.swift in Sources */,
				826309D922E3BC61003E3F29 /* Variations.swift in Sources */,
				82BBBD722D1A036D0034C98A /* ColorPickerView.swift in Sources */,
			);
			runOnlyForDeploymentPostprocessing = 0;
		};
/* End PBXSourcesBuildPhase section */

/* Begin PBXVariantGroup section */
		823928FC22D2751800F8B1B2 /* LaunchScreen.storyboard */ = {
			isa = PBXVariantGroup;
			children = (
				823928FD22D2751800F8B1B2 /* Base */,
			);
			name = LaunchScreen.storyboard;
			sourceTree = "<group>";
		};
/* End PBXVariantGroup section */

/* Begin XCBuildConfiguration section */
		8239290022D2751800F8B1B2 /* Debug */ = {
			isa = XCBuildConfiguration;
			baseConfigurationReference = 82F53D4726A204A10089C0BC /* Common.xcconfig */;
			buildSettings = {
				ALWAYS_SEARCH_USER_PATHS = NO;
				ASSETCATALOG_COMPILER_GENERATE_SWIFT_ASSET_SYMBOL_EXTENSIONS = YES;
				CLANG_ANALYZER_NONNULL = YES;
				CLANG_ANALYZER_NUMBER_OBJECT_CONVERSION = YES_AGGRESSIVE;
				CLANG_CXX_LANGUAGE_STANDARD = "gnu++14";
				CLANG_CXX_LIBRARY = "libc++";
				CLANG_ENABLE_MODULES = YES;
				CLANG_ENABLE_OBJC_ARC = YES;
				CLANG_ENABLE_OBJC_WEAK = YES;
				CLANG_WARN_BLOCK_CAPTURE_AUTORELEASING = YES;
				CLANG_WARN_BOOL_CONVERSION = YES;
				CLANG_WARN_COMMA = YES;
				CLANG_WARN_CONSTANT_CONVERSION = YES;
				CLANG_WARN_DEPRECATED_OBJC_IMPLEMENTATIONS = YES;
				CLANG_WARN_DIRECT_OBJC_ISA_USAGE = YES_ERROR;
				CLANG_WARN_DOCUMENTATION_COMMENTS = YES;
				CLANG_WARN_EMPTY_BODY = YES;
				CLANG_WARN_ENUM_CONVERSION = YES;
				CLANG_WARN_INFINITE_RECURSION = YES;
				CLANG_WARN_INT_CONVERSION = YES;
				CLANG_WARN_NON_LITERAL_NULL_CONVERSION = YES;
				CLANG_WARN_OBJC_IMPLICIT_RETAIN_SELF = YES;
				CLANG_WARN_OBJC_LITERAL_CONVERSION = YES;
				CLANG_WARN_OBJC_ROOT_CLASS = YES_ERROR;
				CLANG_WARN_QUOTED_INCLUDE_IN_FRAMEWORK_HEADER = YES;
				CLANG_WARN_RANGE_LOOP_ANALYSIS = YES;
				CLANG_WARN_STRICT_PROTOTYPES = YES;
				CLANG_WARN_SUSPICIOUS_MOVE = YES;
				CLANG_WARN_UNGUARDED_AVAILABILITY = YES_AGGRESSIVE;
				CLANG_WARN_UNREACHABLE_CODE = YES;
				CLANG_WARN__DUPLICATE_METHOD_MATCH = YES;
				CODE_SIGN_IDENTITY = "iPhone Developer";
				COPY_PHASE_STRIP = NO;
				DEBUG_INFORMATION_FORMAT = dwarf;
				ENABLE_STRICT_OBJC_MSGSEND = YES;
				ENABLE_TESTABILITY = YES;
				ENABLE_USER_SCRIPT_SANDBOXING = YES;
				GCC_C_LANGUAGE_STANDARD = gnu11;
				GCC_DYNAMIC_NO_PIC = NO;
				GCC_NO_COMMON_BLOCKS = YES;
				GCC_OPTIMIZATION_LEVEL = 0;
				GCC_PREPROCESSOR_DEFINITIONS = (
					"DEBUG=1",
					"$(inherited)",
				);
				GCC_WARN_64_TO_32_BIT_CONVERSION = YES;
				GCC_WARN_ABOUT_RETURN_TYPE = YES_ERROR;
				GCC_WARN_UNDECLARED_SELECTOR = YES;
				GCC_WARN_UNINITIALIZED_AUTOS = YES_AGGRESSIVE;
				GCC_WARN_UNUSED_FUNCTION = YES;
				GCC_WARN_UNUSED_VARIABLE = YES;
				IPHONEOS_DEPLOYMENT_TARGET = 14.1;
				MTL_ENABLE_DEBUG_INFO = INCLUDE_SOURCE;
				MTL_FAST_MATH = YES;
				ONLY_ACTIVE_ARCH = YES;
				SDKROOT = iphoneos;
				SWIFT_ACTIVE_COMPILATION_CONDITIONS = DEBUG;
				SWIFT_OPTIMIZATION_LEVEL = "-Onone";
			};
			name = Debug;
		};
		8239290122D2751800F8B1B2 /* Release */ = {
			isa = XCBuildConfiguration;
			baseConfigurationReference = 82F53D4726A204A10089C0BC /* Common.xcconfig */;
			buildSettings = {
				ALWAYS_SEARCH_USER_PATHS = NO;
				ASSETCATALOG_COMPILER_GENERATE_SWIFT_ASSET_SYMBOL_EXTENSIONS = YES;
				CLANG_ANALYZER_NONNULL = YES;
				CLANG_ANALYZER_NUMBER_OBJECT_CONVERSION = YES_AGGRESSIVE;
				CLANG_CXX_LANGUAGE_STANDARD = "gnu++14";
				CLANG_CXX_LIBRARY = "libc++";
				CLANG_ENABLE_MODULES = YES;
				CLANG_ENABLE_OBJC_ARC = YES;
				CLANG_ENABLE_OBJC_WEAK = YES;
				CLANG_WARN_BLOCK_CAPTURE_AUTORELEASING = YES;
				CLANG_WARN_BOOL_CONVERSION = YES;
				CLANG_WARN_COMMA = YES;
				CLANG_WARN_CONSTANT_CONVERSION = YES;
				CLANG_WARN_DEPRECATED_OBJC_IMPLEMENTATIONS = YES;
				CLANG_WARN_DIRECT_OBJC_ISA_USAGE = YES_ERROR;
				CLANG_WARN_DOCUMENTATION_COMMENTS = YES;
				CLANG_WARN_EMPTY_BODY = YES;
				CLANG_WARN_ENUM_CONVERSION = YES;
				CLANG_WARN_INFINITE_RECURSION = YES;
				CLANG_WARN_INT_CONVERSION = YES;
				CLANG_WARN_NON_LITERAL_NULL_CONVERSION = YES;
				CLANG_WARN_OBJC_IMPLICIT_RETAIN_SELF = YES;
				CLANG_WARN_OBJC_LITERAL_CONVERSION = YES;
				CLANG_WARN_OBJC_ROOT_CLASS = YES_ERROR;
				CLANG_WARN_QUOTED_INCLUDE_IN_FRAMEWORK_HEADER = YES;
				CLANG_WARN_RANGE_LOOP_ANALYSIS = YES;
				CLANG_WARN_STRICT_PROTOTYPES = YES;
				CLANG_WARN_SUSPICIOUS_MOVE = YES;
				CLANG_WARN_UNGUARDED_AVAILABILITY = YES_AGGRESSIVE;
				CLANG_WARN_UNREACHABLE_CODE = YES;
				CLANG_WARN__DUPLICATE_METHOD_MATCH = YES;
				CODE_SIGN_IDENTITY = "iPhone Developer";
				COPY_PHASE_STRIP = NO;
				DEBUG_INFORMATION_FORMAT = "dwarf-with-dsym";
				ENABLE_NS_ASSERTIONS = NO;
				ENABLE_STRICT_OBJC_MSGSEND = YES;
				ENABLE_USER_SCRIPT_SANDBOXING = YES;
				GCC_C_LANGUAGE_STANDARD = gnu11;
				GCC_NO_COMMON_BLOCKS = YES;
				GCC_WARN_64_TO_32_BIT_CONVERSION = YES;
				GCC_WARN_ABOUT_RETURN_TYPE = YES_ERROR;
				GCC_WARN_UNDECLARED_SELECTOR = YES;
				GCC_WARN_UNINITIALIZED_AUTOS = YES_AGGRESSIVE;
				GCC_WARN_UNUSED_FUNCTION = YES;
				GCC_WARN_UNUSED_VARIABLE = YES;
				IPHONEOS_DEPLOYMENT_TARGET = 14.1;
				MTL_ENABLE_DEBUG_INFO = NO;
				MTL_FAST_MATH = YES;
				SDKROOT = iphoneos;
				SWIFT_COMPILATION_MODE = wholemodule;
				SWIFT_OPTIMIZATION_LEVEL = "-O";
				VALIDATE_PRODUCT = YES;
			};
			name = Release;
		};
		8239290322D2751800F8B1B2 /* Debug */ = {
			isa = XCBuildConfiguration;
			buildSettings = {
				ASSETCATALOG_COMPILER_APPICON_NAME = AppIcon;
				CODE_SIGN_STYLE = Automatic;
				FRAMEWORK_SEARCH_PATHS = "$(inherited)";
				INFOPLIST_FILE = GenerativeArt/Resources/Info.plist;
				IPHONEOS_DEPLOYMENT_TARGET = 17.0;
				LD_RUNPATH_SEARCH_PATHS = (
					"$(inherited)",
					"@executable_path/Frameworks",
				);
				PRODUCT_NAME = "$(TARGET_NAME)";
				SWIFT_VERSION = 5.0;
				TARGETED_DEVICE_FAMILY = "1,2";
			};
			name = Debug;
		};
		8239290422D2751800F8B1B2 /* Release */ = {
			isa = XCBuildConfiguration;
			buildSettings = {
				ASSETCATALOG_COMPILER_APPICON_NAME = AppIcon;
				CODE_SIGN_STYLE = Automatic;
				FRAMEWORK_SEARCH_PATHS = "$(inherited)";
				INFOPLIST_FILE = GenerativeArt/Resources/Info.plist;
				IPHONEOS_DEPLOYMENT_TARGET = 17.0;
				LD_RUNPATH_SEARCH_PATHS = (
					"$(inherited)",
					"@executable_path/Frameworks",
				);
				PRODUCT_NAME = "$(TARGET_NAME)";
				SWIFT_VERSION = 5.0;
				TARGETED_DEVICE_FAMILY = "1,2";
			};
			name = Release;
		};
/* End XCBuildConfiguration section */

/* Begin XCConfigurationList section */
		823928EB22D2751700F8B1B2 /* Build configuration list for PBXProject "GenerativeArt" */ = {
			isa = XCConfigurationList;
			buildConfigurations = (
				8239290022D2751800F8B1B2 /* Debug */,
				8239290122D2751800F8B1B2 /* Release */,
			);
			defaultConfigurationIsVisible = 0;
			defaultConfigurationName = Release;
		};
		8239290222D2751800F8B1B2 /* Build configuration list for PBXNativeTarget "GenerativeArt" */ = {
			isa = XCConfigurationList;
			buildConfigurations = (
				8239290322D2751800F8B1B2 /* Debug */,
				8239290422D2751800F8B1B2 /* Release */,
			);
			defaultConfigurationIsVisible = 0;
			defaultConfigurationName = Release;
		};
/* End XCConfigurationList section */
	};
	rootObject = 823928E822D2751700F8B1B2 /* Project object */;
}
